
Microsoft Visual Studio Solution File, Format Version 12.00
# Visual Studio 15
VisualStudioVersion = 15.0.28307.271
MinimumVisualStudioVersion = 10.0.40219.1
Project("{9A19103F-16F7-4668-BE54-9A1E7A4F7556}") = "PhoneBook.DAL", "PhoneBook.DAL\PhoneBook.DAL.csproj", "{AEE0BD41-96BD-4F5E-A768-1871548DB0A9}"
EndProject
Project("{9A19103F-16F7-4668-BE54-9A1E7A4F7556}") = "PhoneBook.WebUI", "PhoneBook.WebUI\PhoneBook.WebUI.csproj", "{58284A02-B062-4666-A354-9BE6E9F9100F}"
EndProject
Project("{9A19103F-16F7-4668-BE54-9A1E7A4F7556}") = "PhoneBook.API", "PhoneBook.API\PhoneBook.API.csproj", "{9F06C602-5EFE-46A5-B512-0F044335A3CD}"
EndProject
Project("{FAE04EC0-301F-11D3-BF4B-00C04F79EFBC}") = "PhoneBook.Tests", "PhoneBook.Tests\PhoneBook.Tests.csproj", "{EE9420CC-01F3-44B8-9F3E-933EA784582F}"
EndProject
Global
	GlobalSection(SolutionConfigurationPlatforms) = preSolution
		Debug|Any CPU = Debug|Any CPU
		Release|Any CPU = Release|Any CPU
	EndGlobalSection
	GlobalSection(ProjectConfigurationPlatforms) = postSolution
		{AEE0BD41-96BD-4F5E-A768-1871548DB0A9}.Debug|Any CPU.ActiveCfg = Debug|Any CPU
		{AEE0BD41-96BD-4F5E-A768-1871548DB0A9}.Debug|Any CPU.Build.0 = Debug|Any CPU
		{AEE0BD41-96BD-4F5E-A768-1871548DB0A9}.Release|Any CPU.ActiveCfg = Release|Any CPU
		{AEE0BD41-96BD-4F5E-A768-1871548DB0A9}.Release|Any CPU.Build.0 = Release|Any CPU
		{58284A02-B062-4666-A354-9BE6E9F9100F}.Debug|Any CPU.ActiveCfg = Debug|Any CPU
		{58284A02-B062-4666-A354-9BE6E9F9100F}.Debug|Any CPU.Build.0 = Debug|Any CPU
		{58284A02-B062-4666-A354-9BE6E9F9100F}.Release|Any CPU.ActiveCfg = Release|Any CPU
		{58284A02-B062-4666-A354-9BE6E9F9100F}.Release|Any CPU.Build.0 = Release|Any CPU
		{9F06C602-5EFE-46A5-B512-0F044335A3CD}.Debug|Any CPU.ActiveCfg = Debug|Any CPU
		{9F06C602-5EFE-46A5-B512-0F044335A3CD}.Debug|Any CPU.Build.0 = Debug|Any CPU
		{9F06C602-5EFE-46A5-B512-0F044335A3CD}.Release|Any CPU.ActiveCfg = Release|Any CPU
		{9F06C602-5EFE-46A5-B512-0F044335A3CD}.Release|Any CPU.Build.0 = Release|Any CPU
		{EE9420CC-01F3-44B8-9F3E-933EA784582F}.Debug|Any CPU.ActiveCfg = Debug|Any CPU
		{EE9420CC-01F3-44B8-9F3E-933EA784582F}.Debug|Any CPU.Build.0 = Debug|Any CPU
		{EE9420CC-01F3-44B8-9F3E-933EA784582F}.Release|Any CPU.ActiveCfg = Release|Any CPU
		{EE9420CC-01F3-44B8-9F3E-933EA784582F}.Release|Any CPU.Build.0 = Release|Any CPU
	EndGlobalSection
	GlobalSection(SolutionProperties) = preSolution
		HideSolutionNode = FALSE
	EndGlobalSection
	GlobalSection(ExtensibilityGlobals) = postSolution
		SolutionGuid = {5E12C218-0602-4CE4-BA16-3140646FD8AB}
	EndGlobalSection
EndGlobal
